// !$*UTF8*$!
{
	archiveVersion = 1;
	classes = {
	};
	objectVersion = 46;
	objects = {

/* Begin PBXBuildFile section */
		E816B7121A1C8794002110C9 /* main.m in Sources */ = {isa = PBXBuildFile; fileRef = E816B7111A1C8794002110C9 /* main.m */; };
		E816B7151A1C8794002110C9 /* AppDelegate.m in Sources */ = {isa = PBXBuildFile; fileRef = E816B7141A1C8794002110C9 /* AppDelegate.m */; };
		E816B7181A1C8794002110C9 /* ViewController.m in Sources */ = {isa = PBXBuildFile; fileRef = E816B7171A1C8794002110C9 /* ViewController.m */; };
		E816B71B1A1C8794002110C9 /* Main.storyboard in Resources */ = {isa = PBXBuildFile; fileRef = E816B7191A1C8794002110C9 /* Main.storyboard */; };
		E816B71D1A1C8794002110C9 /* Images.xcassets in Resources */ = {isa = PBXBuildFile; fileRef = E816B71C1A1C8794002110C9 /* Images.xcassets */; };
		E816B7201A1C8794002110C9 /* LaunchScreen.xib in Resources */ = {isa = PBXBuildFile; fileRef = E816B71E1A1C8794002110C9 /* LaunchScreen.xib */; };
		E816B72C1A1C8794002110C9 /* DPAppProjectTests.m in Sources */ = {isa = PBXBuildFile; fileRef = E816B72B1A1C8794002110C9 /* DPAppProjectTests.m */; };
		E816B7381A1C87EC002110C9 /* DPActionSheet.m in Sources */ = {isa = PBXBuildFile; fileRef = E816B7371A1C87EC002110C9 /* DPActionSheet.m */; };
		E816B8671A1C97F8002110C9 /* dp_action_qq@2x.png in Resources */ = {isa = PBXBuildFile; fileRef = E816B8621A1C97F8002110C9 /* dp_action_qq@2x.png */; };
		E816B8681A1C97F8002110C9 /* dp_action_sina@2x.png in Resources */ = {isa = PBXBuildFile; fileRef = E816B8631A1C97F8002110C9 /* dp_action_sina@2x.png */; };
		E816B8691A1C97F8002110C9 /* dp_action_wx@2x.png in Resources */ = {isa = PBXBuildFile; fileRef = E816B8641A1C97F8002110C9 /* dp_action_wx@2x.png */; };
		E816B86A1A1C97F8002110C9 /* dp_actionsheet_cancelBtn@2x.png in Resources */ = {isa = PBXBuildFile; fileRef = E816B8651A1C97F8002110C9 /* dp_actionsheet_cancelBtn@2x.png */; };
		E816B86B1A1C97F8002110C9 /* dp_wxpengyouquan@2x.png in Resources */ = {isa = PBXBuildFile; fileRef = E816B8661A1C97F8002110C9 /* dp_wxpengyouquan@2x.png */; };
		E89891371A38406D006C1113 /* UIColor+Extension.m in Sources */ = {isa = PBXBuildFile; fileRef = E89891361A38406D006C1113 /* UIColor+Extension.m */; };
/* End PBXBuildFile section */

/* Begin PBXContainerItemProxy section */
		E816B7261A1C8794002110C9 /* PBXContainerItemProxy */ = {
			isa = PBXContainerItemProxy;
			containerPortal = E816B7041A1C8794002110C9 /* Project object */;
			proxyType = 1;
			remoteGlobalIDString = E816B70B1A1C8794002110C9;
			remoteInfo = DPAppProject;
		};
/* End PBXContainerItemProxy section */

/* Begin PBXFileReference section */
		E816B70C1A1C8794002110C9 /* DPAppProject.app */ = {isa = PBXFileReference; explicitFileType = wrapper.application; includeInIndex = 0; path = DPAppProject.app; sourceTree = BUILT_PRODUCTS_DIR; };
		E816B7101A1C8794002110C9 /* Info.plist */ = {isa = PBXFileReference; lastKnownFileType = text.plist.xml; path = Info.plist; sourceTree = "<group>"; };
		E816B7111A1C8794002110C9 /* main.m */ = {isa = PBXFileReference; lastKnownFileType = sourcecode.c.objc; path = main.m; sourceTree = "<group>"; };
		E816B7131A1C8794002110C9 /* AppDelegate.h */ = {isa = PBXFileReference; lastKnownFileType = sourcecode.c.h; path = AppDelegate.h; sourceTree = "<group>"; };
		E816B7141A1C8794002110C9 /* AppDelegate.m */ = {isa = PBXFileReference; lastKnownFileType = sourcecode.c.objc; path = AppDelegate.m; sourceTree = "<group>"; };
		E816B7161A1C8794002110C9 /* ViewController.h */ = {isa = PBXFileReference; lastKnownFileType = sourcecode.c.h; path = ViewController.h; sourceTree = "<group>"; };
		E816B7171A1C8794002110C9 /* ViewController.m */ = {isa = PBXFileReference; lastKnownFileType = sourcecode.c.objc; path = ViewController.m; sourceTree = "<group>"; };
		E816B71A1A1C8794002110C9 /* Base */ = {isa = PBXFileReference; lastKnownFileType = file.storyboard; name = Base; path = Base.lproj/Main.storyboard; sourceTree = "<group>"; };
		E816B71C1A1C8794002110C9 /* Images.xcassets */ = {isa = PBXFileReference; lastKnownFileType = folder.assetcatalog; path = Images.xcassets; sourceTree = "<group>"; };
		E816B71F1A1C8794002110C9 /* Base */ = {isa = PBXFileReference; lastKnownFileType = file.xib; name = Base; path = Base.lproj/LaunchScreen.xib; sourceTree = "<group>"; };
		E816B7251A1C8794002110C9 /* DPAppProjectTests.xctest */ = {isa = PBXFileReference; explicitFileType = wrapper.cfbundle; includeInIndex = 0; path = DPAppProjectTests.xctest; sourceTree = BUILT_PRODUCTS_DIR; };
		E816B72A1A1C8794002110C9 /* Info.plist */ = {isa = PBXFileReference; lastKnownFileType = text.plist.xml; path = Info.plist; sourceTree = "<group>"; };
		E816B72B1A1C8794002110C9 /* DPAppProjectTests.m */ = {isa = PBXFileReference; lastKnownFileType = sourcecode.c.objc; path = DPAppProjectTests.m; sourceTree = "<group>"; };
		E816B7361A1C87EC002110C9 /* DPActionSheet.h */ = {isa = PBXFileReference; fileEncoding = 4; lastKnownFileType = sourcecode.c.h; path = DPActionSheet.h; sourceTree = "<group>"; };
		E816B7371A1C87EC002110C9 /* DPActionSheet.m */ = {isa = PBXFileReference; fileEncoding = 4; lastKnownFileType = sourcecode.c.objc; path = DPActionSheet.m; sourceTree = "<group>"; };
		E816B8621A1C97F8002110C9 /* dp_action_qq@2x.png */ = {isa = PBXFileReference; lastKnownFileType = image.png; path = "dp_action_qq@2x.png"; sourceTree = "<group>"; };
		E816B8631A1C97F8002110C9 /* dp_action_sina@2x.png */ = {isa = PBXFileReference; lastKnownFileType = image.png; path = "dp_action_sina@2x.png"; sourceTree = "<group>"; };
		E816B8641A1C97F8002110C9 /* dp_action_wx@2x.png */ = {isa = PBXFileReference; lastKnownFileType = image.png; path = "dp_action_wx@2x.png"; sourceTree = "<group>"; };
		E816B8651A1C97F8002110C9 /* dp_actionsheet_cancelBtn@2x.png */ = {isa = PBXFileReference; lastKnownFileType = image.png; path = "dp_actionsheet_cancelBtn@2x.png"; sourceTree = "<group>"; };
		E816B8661A1C97F8002110C9 /* dp_wxpengyouquan@2x.png */ = {isa = PBXFileReference; lastKnownFileType = image.png; path = "dp_wxpengyouquan@2x.png"; sourceTree = "<group>"; };
		E89891351A38406D006C1113 /* UIColor+Extension.h */ = {isa = PBXFileReference; fileEncoding = 4; lastKnownFileType = sourcecode.c.h; path = "UIColor+Extension.h"; sourceTree = "<group>"; };
		E89891361A38406D006C1113 /* UIColor+Extension.m */ = {isa = PBXFileReference; fileEncoding = 4; lastKnownFileType = sourcecode.c.objc; path = "UIColor+Extension.m"; sourceTree = "<group>"; };
/* End PBXFileReference section */

/* Begin PBXFrameworksBuildPhase section */
		E816B7091A1C8794002110C9 /* Frameworks */ = {
			isa = PBXFrameworksBuildPhase;
			buildActionMask = 2147483647;
			files = (
			);
			runOnlyForDeploymentPostprocessing = 0;
		};
		E816B7221A1C8794002110C9 /* Frameworks */ = {
			isa = PBXFrameworksBuildPhase;
			buildActionMask = 2147483647;
			files = (
			);
			runOnlyForDeploymentPostprocessing = 0;
		};
/* End PBXFrameworksBuildPhase section */

/* Begin PBXGroup section */
		E816B7031A1C8794002110C9 = {
			isa = PBXGroup;
			children = (
				E816B70E1A1C8794002110C9 /* DPAppProject */,
				E816B7351A1C87E0002110C9 /* Controller */,
				E816B8571A1C96A6002110C9 /* Resources */,
				E816B7281A1C8794002110C9 /* DPAppProjectTests */,
				E816B70D1A1C8794002110C9 /* Products */,
			);
			sourceTree = "<group>";
		};
		E816B70D1A1C8794002110C9 /* Products */ = {
			isa = PBXGroup;
			children = (
				E816B70C1A1C8794002110C9 /* DPAppProject.app */,
				E816B7251A1C8794002110C9 /* DPAppProjectTests.xctest */,
			);
			name = Products;
			sourceTree = "<group>";
		};
		E816B70E1A1C8794002110C9 /* DPAppProject */ = {
			isa = PBXGroup;
			children = (
				E816B7131A1C8794002110C9 /* AppDelegate.h */,
				E816B7141A1C8794002110C9 /* AppDelegate.m */,
				E816B7161A1C8794002110C9 /* ViewController.h */,
				E816B7171A1C8794002110C9 /* ViewController.m */,
				E816B7191A1C8794002110C9 /* Main.storyboard */,
				E816B71C1A1C8794002110C9 /* Images.xcassets */,
				E816B71E1A1C8794002110C9 /* LaunchScreen.xib */,
				E816B70F1A1C8794002110C9 /* Supporting Files */,
			);
			path = DPAppProject;
			sourceTree = "<group>";
		};
		E816B70F1A1C8794002110C9 /* Supporting Files */ = {
			isa = PBXGroup;
			children = (
				E816B7101A1C8794002110C9 /* Info.plist */,
				E816B7111A1C8794002110C9 /* main.m */,
			);
			name = "Supporting Files";
			sourceTree = "<group>";
		};
		E816B7281A1C8794002110C9 /* DPAppProjectTests */ = {
			isa = PBXGroup;
			children = (
				E816B72B1A1C8794002110C9 /* DPAppProjectTests.m */,
				E816B7291A1C8794002110C9 /* Supporting Files */,
			);
			path = DPAppProjectTests;
			sourceTree = "<group>";
		};
		E816B7291A1C8794002110C9 /* Supporting Files */ = {
			isa = PBXGroup;
			children = (
				E816B72A1A1C8794002110C9 /* Info.plist */,
			);
			name = "Supporting Files";
			sourceTree = "<group>";
		};
		E816B7351A1C87E0002110C9 /* Controller */ = {
			isa = PBXGroup;
			children = (
				E816B7361A1C87EC002110C9 /* DPActionSheet.h */,
				E816B7371A1C87EC002110C9 /* DPActionSheet.m */,
				E89891351A38406D006C1113 /* UIColor+Extension.h */,
				E89891361A38406D006C1113 /* UIColor+Extension.m */,
			);
			name = Controller;
			path = DPAppProject/Controller;
			sourceTree = "<group>";
		};
		E816B8571A1C96A6002110C9 /* Resources */ = {
			isa = PBXGroup;
			children = (
				E816B8621A1C97F8002110C9 /* dp_action_qq@2x.png */,
				E816B8631A1C97F8002110C9 /* dp_action_sina@2x.png */,
				E816B8641A1C97F8002110C9 /* dp_action_wx@2x.png */,
				E816B8651A1C97F8002110C9 /* dp_actionsheet_cancelBtn@2x.png */,
				E816B8661A1C97F8002110C9 /* dp_wxpengyouquan@2x.png */,
			);
			name = Resources;
			path = DPAppProject/Resources;
			sourceTree = "<group>";
		};
/* End PBXGroup section */

/* Begin PBXNativeTarget section */
		E816B70B1A1C8794002110C9 /* DPAppProject */ = {
			isa = PBXNativeTarget;
			buildConfigurationList = E816B72F1A1C8794002110C9 /* Build configuration list for PBXNativeTarget "DPAppProject" */;
			buildPhases = (
				E816B7081A1C8794002110C9 /* Sources */,
				E816B7091A1C8794002110C9 /* Frameworks */,
				E816B70A1A1C8794002110C9 /* Resources */,
			);
			buildRules = (
			);
			dependencies = (
			);
			name = DPAppProject;
			productName = DPAppProject;
			productReference = E816B70C1A1C8794002110C9 /* DPAppProject.app */;
			productType = "com.apple.product-type.application";
		};
		E816B7241A1C8794002110C9 /* DPAppProjectTests */ = {
			isa = PBXNativeTarget;
			buildConfigurationList = E816B7321A1C8794002110C9 /* Build configuration list for PBXNativeTarget "DPAppProjectTests" */;
			buildPhases = (
				E816B7211A1C8794002110C9 /* Sources */,
				E816B7221A1C8794002110C9 /* Frameworks */,
				E816B7231A1C8794002110C9 /* Resources */,
			);
			buildRules = (
			);
			dependencies = (
				E816B7271A1C8794002110C9 /* PBXTargetDependency */,
			);
			name = DPAppProjectTests;
			productName = DPAppProjectTests;
			productReference = E816B7251A1C8794002110C9 /* DPAppProjectTests.xctest */;
			productType = "com.apple.product-type.bundle.unit-test";
		};
/* End PBXNativeTarget section */

/* Begin PBXProject section */
		E816B7041A1C8794002110C9 /* Project object */ = {
			isa = PBXProject;
			attributes = {
				LastUpgradeCheck = 0610;
				ORGANIZATIONNAME = DPAppProject;
				TargetAttributes = {
					E816B70B1A1C8794002110C9 = {
						CreatedOnToolsVersion = 6.1;
					};
					E816B7241A1C8794002110C9 = {
						CreatedOnToolsVersion = 6.1;
						TestTargetID = E816B70B1A1C8794002110C9;
					};
				};
			};
			buildConfigurationList = E816B7071A1C8794002110C9 /* Build configuration list for PBXProject "DPAppProject" */;
			compatibilityVersion = "Xcode 3.2";
			developmentRegion = English;
			hasScannedForEncodings = 0;
			knownRegions = (
				en,
				Base,
			);
			mainGroup = E816B7031A1C8794002110C9;
			productRefGroup = E816B70D1A1C8794002110C9 /* Products */;
			projectDirPath = "";
			projectRoot = "";
			targets = (
				E816B70B1A1C8794002110C9 /* DPAppProject */,
				E816B7241A1C8794002110C9 /* DPAppProjectTests */,
			);
		};
/* End PBXProject section */

/* Begin PBXResourcesBuildPhase section */
		E816B70A1A1C8794002110C9 /* Resources */ = {
			isa = PBXResourcesBuildPhase;
			buildActionMask = 2147483647;
			files = (
				E816B71B1A1C8794002110C9 /* Main.storyboard in Resources */,
				E816B7201A1C8794002110C9 /* LaunchScreen.xib in Resources */,
				E816B86B1A1C97F8002110C9 /* dp_wxpengyouquan@2x.png in Resources */,
				E816B86A1A1C97F8002110C9 /* dp_actionsheet_cancelBtn@2x.png in Resources */,
				E816B8671A1C97F8002110C9 /* dp_action_qq@2x.png in Resources */,
				E816B71D1A1C8794002110C9 /* Images.xcassets in Resources */,
				E816B8681A1C97F8002110C9 /* dp_action_sina@2x.png in Resources */,
				E816B8691A1C97F8002110C9 /* dp_action_wx@2x.png in Resources */,
			);
			runOnlyForDeploymentPostprocessing = 0;
		};
		E816B7231A1C8794002110C9 /* Resources */ = {
			isa = PBXResourcesBuildPhase;
			buildActionMask = 2147483647;
			files = (
			);
			runOnlyForDeploymentPostprocessing = 0;
		};
/* End PBXResourcesBuildPhase section */

/* Begin PBXSourcesBuildPhase section */
		E816B7081A1C8794002110C9 /* Sources */ = {
			isa = PBXSourcesBuildPhase;
			buildActionMask = 2147483647;
			files = (
				E816B7181A1C8794002110C9 /* ViewController.m in Sources */,
				E816B7381A1C87EC002110C9 /* DPActionSheet.m in Sources */,
				E89891371A38406D006C1113 /* UIColor+Extension.m in Sources */,
				E816B7151A1C8794002110C9 /* AppDelegate.m in Sources */,
				E816B7121A1C8794002110C9 /* main.m in Sources */,
			);
			runOnlyForDeploymentPostprocessing = 0;
		};
		E816B7211A1C8794002110C9 /* Sources */ = {
			isa = PBXSourcesBuildPhase;
			buildActionMask = 2147483647;
			files = (
				E816B72C1A1C8794002110C9 /* DPAppProjectTests.m in Sources */,
			);
			runOnlyForDeploymentPostprocessing = 0;
		};
/* End PBXSourcesBuildPhase section */

/* Begin PBXTargetDependency section */
		E816B7271A1C8794002110C9 /* PBXTargetDependency */ = {
			isa = PBXTargetDependency;
			target = E816B70B1A1C8794002110C9 /* DPAppProject */;
			targetProxy = E816B7261A1C8794002110C9 /* PBXContainerItemProxy */;
		};
/* End PBXTargetDependency section */

/* Begin PBXVariantGroup section */
		E816B7191A1C8794002110C9 /* Main.storyboard */ = {
			isa = PBXVariantGroup;
			children = (
				E816B71A1A1C8794002110C9 /* Base */,
			);
			name = Main.storyboard;
			sourceTree = "<group>";
		};
		E816B71E1A1C8794002110C9 /* LaunchScreen.xib */ = {
			isa = PBXVariantGroup;
			children = (
				E816B71F1A1C8794002110C9 /* Base */,
			);
			name = LaunchScreen.xib;
			sourceTree = "<group>";
		};
/* End PBXVariantGroup section */

/* Begin XCBuildConfiguration section */
		E816B72D1A1C8794002110C9 /* Debug */ = {
			isa = XCBuildConfiguration;
			buildSettings = {
				ALWAYS_SEARCH_USER_PATHS = NO;
				CLANG_CXX_LANGUAGE_STANDARD = "gnu++0x";
				CLANG_CXX_LIBRARY = "libc++";
				CLANG_ENABLE_MODULES = YES;
				CLANG_ENABLE_OBJC_ARC = YES;
				CLANG_WARN_BOOL_CONVERSION = YES;
				CLANG_WARN_CONSTANT_CONVERSION = YES;
				CLANG_WARN_DIRECT_OBJC_ISA_USAGE = YES_ERROR;
				CLANG_WARN_EMPTY_BODY = YES;
				CLANG_WARN_ENUM_CONVERSION = YES;
				CLANG_WARN_INT_CONVERSION = YES;
				CLANG_WARN_OBJC_ROOT_CLASS = YES_ERROR;
				CLANG_WARN_UNREACHABLE_CODE = YES;
				CLANG_WARN__DUPLICATE_METHOD_MATCH = YES;
				"CODE_SIGN_IDENTITY[sdk=iphoneos*]" = "iPhone Developer";
				COPY_PHASE_STRIP = NO;
				ENABLE_STRICT_OBJC_MSGSEND = YES;
				GCC_C_LANGUAGE_STANDARD = gnu99;
				GCC_DYNAMIC_NO_PIC = NO;
				GCC_OPTIMIZATION_LEVEL = 0;
				GCC_PREPROCESSOR_DEFINITIONS = (
					"DEBUG=1",
					"$(inherited)",
				);
				GCC_SYMBOLS_PRIVATE_EXTERN = NO;
				GCC_WARN_64_TO_32_BIT_CONVERSION = YES;
				GCC_WARN_ABOUT_RETURN_TYPE = YES_ERROR;
				GCC_WARN_UNDECLARED_SELECTOR = YES;
				GCC_WARN_UNINITIALIZED_AUTOS = YES_AGGRESSIVE;
				GCC_WARN_UNUSED_FUNCTION = YES;
				GCC_WARN_UNUSED_VARIABLE = YES;
				IPHONEOS_DEPLOYMENT_TARGET = 8.1;
				MTL_ENABLE_DEBUG_INFO = YES;
				ONLY_ACTIVE_ARCH = YES;
				SDKROOT = iphoneos;
			};
			name = Debug;
		};
		E816B72E1A1C8794002110C9 /* Release */ = {
			isa = XCBuildConfiguration;
			buildSettings = {
				ALWAYS_SEARCH_USER_PATHS = NO;
				CLANG_CXX_LANGUAGE_STANDARD = "gnu++0x";
				CLANG_CXX_LIBRARY = "libc++";
				CLANG_ENABLE_MODULES = YES;
				CLANG_ENABLE_OBJC_ARC = YES;
				CLANG_WARN_BOOL_CONVERSION = YES;
				CLANG_WARN_CONSTANT_CONVERSION = YES;
				CLANG_WARN_DIRECT_OBJC_ISA_USAGE = YES_ERROR;
				CLANG_WARN_EMPTY_BODY = YES;
				CLANG_WARN_ENUM_CONVERSION = YES;
				CLANG_WARN_INT_CONVERSION = YES;
				CLANG_WARN_OBJC_ROOT_CLASS = YES_ERROR;
				CLANG_WARN_UNREACHABLE_CODE = YES;
				CLANG_WARN__DUPLICATE_METHOD_MATCH = YES;
				"CODE_SIGN_IDENTITY[sdk=iphoneos*]" = "iPhone Developer";
				COPY_PHASE_STRIP = YES;
				ENABLE_NS_ASSERTIONS = NO;
				ENABLE_STRICT_OBJC_MSGSEND = YES;
				GCC_C_LANGUAGE_STANDARD = gnu99;
				GCC_WARN_64_TO_32_BIT_CONVERSION = YES;
				GCC_WARN_ABOUT_RETURN_TYPE = YES_ERROR;
				GCC_WARN_UNDECLARED_SELECTOR = YES;
				GCC_WARN_UNINITIALIZED_AUTOS = YES_AGGRESSIVE;
				GCC_WARN_UNUSED_FUNCTION = YES;
				GCC_WARN_UNUSED_VARIABLE = YES;
				IPHONEOS_DEPLOYMENT_TARGET = 8.1;
				MTL_ENABLE_DEBUG_INFO = NO;
				SDKROOT = iphoneos;
				VALIDATE_PRODUCT = YES;
			};
			name = Release;
		};
		E816B7301A1C8794002110C9 /* Debug */ = {
			isa = XCBuildConfiguration;
			buildSettings = {
				ASSETCATALOG_COMPILER_APPICON_NAME = AppIcon;
				INFOPLIST_FILE = DPAppProject/Info.plist;
				LD_RUNPATH_SEARCH_PATHS = "$(inherited) @executable_path/Frameworks";
				LIBRARY_SEARCH_PATHS = (
					"$(inherited)",
					"$(PROJECT_DIR)/DPAppProject/ThrityParty/Libs",
				);
				PRODUCT_NAME = "$(TARGET_NAME)";
			};
			name = Debug;
		};
		E816B7311A1C8794002110C9 /* Release */ = {
			isa = XCBuildConfiguration;
			buildSettings = {
				ASSETCATALOG_COMPILER_APPICON_NAME = AppIcon;
				INFOPLIST_FILE = DPAppProject/Info.plist;
				LD_RUNPATH_SEARCH_PATHS = "$(inherited) @executable_path/Frameworks";
				LIBRARY_SEARCH_PATHS = (
					"$(inherited)",
					"$(PROJECT_DIR)/DPAppProject/ThrityParty/Libs",
				);
				PRODUCT_NAME = "$(TARGET_NAME)";
			};
			name = Release;
		};
		E816B7331A1C8794002110C9 /* Debug */ = {
			isa = XCBuildConfiguration;
			buildSettings = {
				BUNDLE_LOADER = "$(TEST_HOST)";
				FRAMEWORK_SEARCH_PATHS = (
					"$(SDKROOT)/Developer/Library/Frameworks",
					"$(inherited)",
				);
				GCC_PREPROCESSOR_DEFINITIONS = (
					"DEBUG=1",
					"$(inherited)",
				);
				INFOPLIST_FILE = DPAppProjectTests/Info.plist;
				LD_RUNPATH_SEARCH_PATHS = "$(inherited) @executable_path/Frameworks @loader_path/Frameworks";
				PRODUCT_NAME = "$(TARGET_NAME)";
				TEST_HOST = "$(BUILT_PRODUCTS_DIR)/DPAppProject.app/DPAppProject";
			};
			name = Debug;
		};
		E816B7341A1C8794002110C9 /* Release */ = {
			isa = XCBuildConfiguration;
			buildSettings = {
				BUNDLE_LOADER = "$(TEST_HOST)";
				FRAMEWORK_SEARCH_PATHS = (
					"$(SDKROOT)/Developer/Library/Frameworks",
					"$(inherited)",
				);
				INFOPLIST_FILE = DPAppProjectTests/Info.plist;
				LD_RUNPATH_SEARCH_PATHS = "$(inherited) @executable_path/Frameworks @loader_path/Frameworks";
				PRODUCT_NAME = "$(TARGET_NAME)";
				TEST_HOST = "$(BUILT_PRODUCTS_DIR)/DPAppProject.app/DPAppProject";
			};
			name = Release;
		};
/* End XCBuildConfiguration section */

/* Begin XCConfigurationList section */
		E816B7071A1C8794002110C9 /* Build configuration list for PBXProject "DPAppProject" */ = {
			isa = XCConfigurationList;
			buildConfigurations = (
				E816B72D1A1C8794002110C9 /* Debug */,
				E816B72E1A1C8794002110C9 /* Release */,
			);
			defaultConfigurationIsVisible = 0;
			defaultConfigurationName = Release;
		};
		E816B72F1A1C8794002110C9 /* Build configuration list for PBXNativeTarget "DPAppProject" */ = {
			isa = XCConfigurationList;
			buildConfigurations = (
				E816B7301A1C8794002110C9 /* Debug */,
				E816B7311A1C8794002110C9 /* Release */,
			);
			defaultConfigurationIsVisible = 0;
			defaultConfigurationName = Release;
		};
		E816B7321A1C8794002110C9 /* Build configuration list for PBXNativeTarget "DPAppProjectTests" */ = {
			isa = XCConfigurationList;
			buildConfigurations = (
				E816B7331A1C8794002110C9 /* Debug */,
				E816B7341A1C8794002110C9 /* Release */,
			);
			defaultConfigurationIsVisible = 0;
			defaultConfigurationName = Release;
		};
/* End XCConfigurationList section */
	};
	rootObject = E816B7041A1C8794002110C9 /* Project object */;
}
